// !$*UTF8*$!
{
	archiveVersion = 1;
	classes = {
	};
	objectVersion = 46;
	objects = {

/* Begin PBXBuildFile section */
		15466BCE1C41696300CDABA2 /* AppDelegate.swift in Sources */ = {isa = PBXBuildFile; fileRef = 15466BCD1C41696300CDABA2 /* AppDelegate.swift */; };
		15466BD01C41696300CDABA2 /* ViewController.swift in Sources */ = {isa = PBXBuildFile; fileRef = 15466BCF1C41696300CDABA2 /* ViewController.swift */; };
		15466BD31C41696300CDABA2 /* Main.storyboard in Resources */ = {isa = PBXBuildFile; fileRef = 15466BD11C41696300CDABA2 /* Main.storyboard */; };
		15466BD51C41696300CDABA2 /* Assets.xcassets in Resources */ = {isa = PBXBuildFile; fileRef = 15466BD41C41696300CDABA2 /* Assets.xcassets */; };
		15466BD81C41696300CDABA2 /* LaunchScreen.storyboard in Resources */ = {isa = PBXBuildFile; fileRef = 15466BD61C41696300CDABA2 /* LaunchScreen.storyboard */; };
/* End PBXBuildFile section */

/* Begin PBXFileReference section */
		15466BCA1C41696300CDABA2 /* shoeConverter.app */ = {isa = PBXFileReference; explicitFileType = wrapper.application; includeInIndex = 0; path = shoeConverter.app; sourceTree = BUILT_PRODUCTS_DIR; };
		15466BCD1C41696300CDABA2 /* AppDelegate.swift */ = {isa = PBXFileReference; lastKnownFileType = sourcecode.swift; path = AppDelegate.swift; sourceTree = "<group>"; };
		15466BCF1C41696300CDABA2 /* ViewController.swift */ = {isa = PBXFileReference; lastKnownFileType = sourcecode.swift; path = ViewController.swift; sourceTree = "<group>"; };
		15466BD21C41696300CDABA2 /* Base */ = {isa = PBXFileReference; lastKnownFileType = file.storyboard; name = Base; path = Base.lproj/Main.storyboard; sourceTree = "<group>"; };
		15466BD41C41696300CDABA2 /* Assets.xcassets */ = {isa = PBXFileReference; lastKnownFileType = folder.assetcatalog; path = Assets.xcassets; sourceTree = "<group>"; };
		15466BD71C41696300CDABA2 /* Base */ = {isa = PBXFileReference; lastKnownFileType = file.storyboard; name = Base; path = Base.lproj/LaunchScreen.storyboard; sourceTree = "<group>"; };
		15466BD91C41696300CDABA2 /* Info.plist */ = {isa = PBXFileReference; lastKnownFileType = text.plist.xml; path = Info.plist; sourceTree = "<group>"; };
/* End PBXFileReference section */

/* Begin PBXFrameworksBuildPhase section */
		15466BC71C41696300CDABA2 /* Frameworks */ = {
			isa = PBXFrameworksBuildPhase;
			buildActionMask = 2147483647;
			files = (
			);
			runOnlyForDeploymentPostprocessing = 0;
		};
/* End PBXFrameworksBuildPhase section */

/* Begin PBXGroup section */
		15466BC11C41696300CDABA2 = {
			isa = PBXGroup;
			children = (
				15466BCC1C41696300CDABA2 /* shoeConverter */,
				15466BCB1C41696300CDABA2 /* Products */,
			);
			sourceTree = "<group>";
		};
		15466BCB1C41696300CDABA2 /* Products */ = {
			isa = PBXGroup;
			children = (
				15466BCA1C41696300CDABA2 /* shoeConverter.app */,
			);
			name = Products;
			sourceTree = "<group>";
		};
		15466BCC1C41696300CDABA2 /* shoeConverter */ = {
			isa = PBXGroup;
			children = (
				15466BCD1C41696300CDABA2 /* AppDelegate.swift */,
				15466BCF1C41696300CDABA2 /* ViewController.swift */,
				15466BD11C41696300CDABA2 /* Main.storyboard */,
				15466BD41C41696300CDABA2 /* Assets.xcassets */,
				15466BD61C41696300CDABA2 /* LaunchScreen.storyboard */,
				15466BD91C41696300CDABA2 /* Info.plist */,
			);
			path = shoeConverter;
			sourceTree = "<group>";
		};
/* End PBXGroup section */

/* Begin PBXNativeTarget section */
		15466BC91C41696300CDABA2 /* shoeConverter */ = {
			isa = PBXNativeTarget;
			buildConfigurationList = 15466BDC1C41696300CDABA2 /* Build configuration list for PBXNativeTarget "shoeConverter" */;
			buildPhases = (
				15466BC61C41696300CDABA2 /* Sources */,
				15466BC71C41696300CDABA2 /* Frameworks */,
				15466BC81C41696300CDABA2 /* Resources */,
			);
			buildRules = (
			);
			dependencies = (
			);
			name = shoeConverter;
			productName = shoeConverter;
			productReference = 15466BCA1C41696300CDABA2 /* shoeConverter.app */;
			productType = "com.apple.product-type.application";
		};
/* End PBXNativeTarget section */

/* Begin PBXProject section */
		15466BC21C41696300CDABA2 /* Project object */ = {
			isa = PBXProject;
			attributes = {
				LastSwiftUpdateCheck = 0720;
				LastUpgradeCheck = 0720;
				ORGANIZATIONNAME = "Randall Mardus";
				TargetAttributes = {
					15466BC91C41696300CDABA2 = {
						CreatedOnToolsVersion = 7.2;
					};
				};
			};
			buildConfigurationList = 15466BC51C41696300CDABA2 /* Build configuration list for PBXProject "shoeConverter" */;
			compatibilityVersion = "Xcode 3.2";
			developmentRegion = English;
			hasScannedForEncodings = 0;
			knownRegions = (
				en,
				Base,
			);
			mainGroup = 15466BC11C41696300CDABA2;
			productRefGroup = 15466BCB1C41696300CDABA2 /* Products */;
			projectDirPath = "";
			projectRoot = "";
			targets = (
				15466BC91C41696300CDABA2 /* shoeConverter */,
			);
		};
/* End PBXProject section */

/* Begin PBXResourcesBuildPhase section */
		15466BC81C41696300CDABA2 /* Resources */ = {
			isa = PBXResourcesBuildPhase;
			buildActionMask = 2147483647;
			files = (
				15466BD81C41696300CDABA2 /* LaunchScreen.storyboard in Resources */,
				15466BD51C41696300CDABA2 /* Assets.xcassets in Resources */,
				15466BD31C41696300CDABA2 /* Main.storyboard in Resources */,
			);
			runOnlyForDeploymentPostprocessing = 0;
		};
/* End PBXResourcesBuildPhase section */

/* Begin PBXSourcesBuildPhase section */
		15466BC61C41696300CDABA2 /* Sources */ = {
			isa = PBXSourcesBuildPhase;
			buildActionMask = 2147483647;
			files = (
				15466BD01C41696300CDABA2 /* ViewController.swift in Sources */,
				15466BCE1C41696300CDABA2 /* AppDelegate.swift in Sources */,
			);
			runOnlyForDeploymentPostprocessing = 0;
		};
/* End PBXSourcesBuildPhase section */

/* Begin PBXVariantGroup section */
		15466BD11C41696300CDABA2 /* Main.storyboard */ = {
			isa = PBXVariantGroup;
			children = (
				15466BD21C41696300CDABA2 /* Base */,
			);
			name = Main.storyboard;
			sourceTree = "<group>";
		};
		15466BD61C41696300CDABA2 /* LaunchScreen.storyboard */ = {
			isa = PBXVariantGroup;
			children = (
				15466BD71C41696300CDABA2 /* Base */,
			);
			name = LaunchScreen.storyboard;
			sourceTree = "<group>";
		};
/* End PBXVariantGroup section */

/* Begin XCBuildConfiguration section */
		15466BDA1C41696300CDABA2 /* Debug */ = {
			isa = XCBuildConfiguration;
			buildSettings = {
				ALWAYS_SEARCH_USER_PATHS = NO;
				CLANG_CXX_LANGUAGE_STANDARD = "gnu++0x";
				CLANG_CXX_LIBRARY = "libc++";
				CLANG_ENABLE_MODULES = YES;
				CLANG_ENABLE_OBJC_ARC = YES;
				CLANG_WARN_BOOL_CONVERSION = YES;
				CLANG_WARN_CONSTANT_CONVERSION = YES;
				CLANG_WARN_DIRECT_OBJC_ISA_USAGE = YES_ERROR;
				CLANG_WARN_EMPTY_BODY = YES;
				CLANG_WARN_ENUM_CONVERSION = YES;
				CLANG_WARN_INT_CONVERSION = YES;
				CLANG_WARN_OBJC_ROOT_CLASS = YES_ERROR;
				CLANG_WARN_UNREACHABLE_CODE = YES;
				CLANG_WARN__DUPLICATE_METHOD_MATCH = YES;
				"CODE_SIGN_IDENTITY[sdk=iphoneos*]" = "iPhone Developer";
				COPY_PHASE_STRIP = NO;
				DEBUG_INFORMATION_FORMAT = dwarf;
				ENABLE_STRICT_OBJC_MSGSEND = YES;
				ENABLE_TESTABILITY = YES;
				GCC_C_LANGUAGE_STANDARD = gnu99;
				GCC_DYNAMIC_NO_PIC = NO;
				GCC_NO_COMMON_BLOCKS = YES;
				GCC_OPTIMIZATION_LEVEL = 0;
				GCC_PREPROCESSOR_DEFINITIONS = (
					"DEBUG=1",
					"$(inherited)",
				);
				GCC_WARN_64_TO_32_BIT_CONVERSION = YES;
				GCC_WARN_ABOUT_RETURN_TYPE = YES_ERROR;
				GCC_WARN_UNDECLARED_SELECTOR = YES;
				GCC_WARN_UNINITIALIZED_AUTOS = YES_AGGRESSIVE;
				GCC_WARN_UNUSED_FUNCTION = YES;
				GCC_WARN_UNUSED_VARIABLE = YES;
				IPHONEOS_DEPLOYMENT_TARGET = 9.2;
				MTL_ENABLE_DEBUG_INFO = YES;
				ONLY_ACTIVE_ARCH = YES;
				SDKROOT = iphoneos;
				SWIFT_OPTIMIZATION_LEVEL = "-Onone";
				TARGETED_DEVICE_FAMILY = "1,2";
			};
			name = Debug;
		};
		15466BDB1C41696300CDABA2 /* Release */ = {
			isa = XCBuildConfiguration;
			buildSettings = {
				ALWAYS_SEARCH_USER_PATHS = NO;
				CLANG_CXX_LANGUAGE_STANDARD = "gnu++0x";
				CLANG_CXX_LIBRARY = "libc++";
				CLANG_ENABLE_MODULES = YES;
				CLANG_ENABLE_OBJC_ARC = YES;
				CLANG_WARN_BOOL_CONVERSION = YES;
				CLANG_WARN_CONSTANT_CONVERSION = YES;
				CLANG_WARN_DIRECT_OBJC_ISA_USAGE = YES_ERROR;
				CLANG_WARN_EMPTY_BODY = YES;
				CLANG_WARN_ENUM_CONVERSION = YES;
				CLANG_WARN_INT_CONVERSION = YES;
				CLANG_WARN_OBJC_ROOT_CLASS = YES_ERROR;
				CLANG_WARN_UNREACHABLE_CODE = YES;
				CLANG_WARN__DUPLICATE_METHOD_MATCH = YES;
				"CODE_SIGN_IDENTITY[sdk=iphoneos*]" = "iPhone Developer";
				COPY_PHASE_STRIP = NO;
				DEBUG_INFORMATION_FORMAT = "dwarf-with-dsym";
				ENABLE_NS_ASSERTIONS = NO;
				ENABLE_STRICT_OBJC_MSGSEND = YES;
				GCC_C_LANGUAGE_STANDARD = gnu99;
				GCC_NO_COMMON_BLOCKS = YES;
				GCC_WARN_64_TO_32_BIT_CONVERSION = YES;
				GCC_WARN_ABOUT_RETURN_TYPE = YES_ERROR;
				GCC_WARN_UNDECLARED_SELECTOR = YES;
				GCC_WARN_UNINITIALIZED_AUTOS = YES_AGGRESSIVE;
				GCC_WARN_UNUSED_FUNCTION = YES;
				GCC_WARN_UNUSED_VARIABLE = YES;
				IPHONEOS_DEPLOYMENT_TARGET = 9.2;
				MTL_ENABLE_DEBUG_INFO = NO;
				SDKROOT = iphoneos;
				TARGETED_DEVICE_FAMILY = "1,2";
				VALIDATE_PRODUCT = YES;
			};
			name = Release;
		};
		15466BDD1C41696300CDABA2 /* Debug */ = {
			isa = XCBuildConfiguration;
			buildSettings = {
				ASSETCATALOG_COMPILER_APPICON_NAME = AppIcon;
				INFOPLIST_FILE = shoeConverter/Info.plist;
				LD_RUNPATH_SEARCH_PATHS = "$(inherited) @executable_path/Frameworks";
				PRODUCT_BUNDLE_IDENTIFIER = self.edu.shoeConverter;
				PRODUCT_NAME = "$(TARGET_NAME)";
			};
			name = Debug;
		};
		15466BDE1C41696300CDABA2 /* Release */ = {
			isa = XCBuildConfiguration;
			buildSettings = {
				ASSETCATALOG_COMPILER_APPICON_NAME = AppIcon;
				INFOPLIST_FILE = shoeConverter/Info.plist;
				LD_RUNPATH_SEARCH_PATHS = "$(inherited) @executable_path/Frameworks";
				PRODUCT_BUNDLE_IDENTIFIER = self.edu.shoeConverter;
				PRODUCT_NAME = "$(TARGET_NAME)";
			};
			name = Release;
		};
/* End XCBuildConfiguration section */

/* Begin XCConfigurationList section */
		15466BC51C41696300CDABA2 /* Build configuration list for PBXProject "shoeConverter" */ = {
			isa = XCConfigurationList;
			buildConfigurations = (
				15466BDA1C41696300CDABA2 /* Debug */,
				15466BDB1C41696300CDABA2 /* Release */,
			);
			defaultConfigurationIsVisible = 0;
			defaultConfigurationName = Release;
		};
		15466BDC1C41696300CDABA2 /* Build configuration list for PBXNativeTarget "shoeConverter" */ = {
			isa = XCConfigurationList;
			buildConfigurations = (
				15466BDD1C41696300CDABA2 /* Debug */,
				15466BDE1C41696300CDABA2 /* Release */,
			);
			defaultConfigurationIsVisible = 0;
		};
/* End XCConfigurationList section */
	};
	rootObject = 15466BC21C41696300CDABA2 /* Project object */;
}
